
Microsoft Visual Studio Solution File, Format Version 12.00
# Visual Studio 15
VisualStudioVersion = 15.0.28307.421
MinimumVisualStudioVersion = 10.0.40219.1
Project("{888888A0-9F3D-457C-B088-3A5042F75D52}") = "FlaskWebProject1", "FlaskWebProject1\FlaskWebProject1.pyproj", "{55B1D539-D2AB-43E8-A173-8987F3CDE089}"
EndProject
Global
	GlobalSection(SolutionConfigurationPlatforms) = preSolution
		Debug|Any CPU = Debug|Any CPU
		Release|Any CPU = Release|Any CPU
	EndGlobalSection
	GlobalSection(ProjectConfigurationPlatforms) = postSolution
		{55B1D539-D2AB-43E8-A173-8987F3CDE089}.Debug|Any CPU.ActiveCfg = Debug|Any CPU
		{55B1D539-D2AB-43E8-A173-8987F3CDE089}.Debug|Any CPU.Build.0 = Debug|Any CPU
		{55B1D539-D2AB-43E8-A173-8987F3CDE089}.Release|Any CPU.ActiveCfg = Release|Any CPU
		{55B1D539-D2AB-43E8-A173-8987F3CDE089}.Release|Any CPU.Build.0 = Release|Any CPU
	EndGlobalSection
	GlobalSection(SolutionProperties) = preSolution
		HideSolutionNode = FALSE
	EndGlobalSection
	GlobalSection(ExtensibilityGlobals) = postSolution
		SolutionGuid = {CB8790BD-9804-499C-8C2D-2B4F246977BD}
	EndGlobalSection
EndGlobal
